
Microsoft Visual Studio Solution File, Format Version 12.00
# Visual Studio Version 17
VisualStudioVersion = 17.0.31903.59
MinimumVisualStudioVersion = 10.0.40219.1
Project("{9A19103F-16F7-4668-BE54-9A1E7A4F7556}") = "Application", "src\Application\Application.csproj", "{19D530B7-49B0-41A8-AFA1-AE3F882BC022}"
EndProject
Project("{9A19103F-16F7-4668-BE54-9A1E7A4F7556}") = "Domain", "src\Domain\Domain.csproj", "{3CE71B0D-60A2-4772-B962-6EFC5607ADF1}"
EndProject
Project("{9A19103F-16F7-4668-BE54-9A1E7A4F7556}") = "Infrastructure", "src\Infrastructure\Infrastructure.csproj", "{6E0EDAB5-13CC-4981-948D-3AA386F998C1}"
EndProject
Project("{9A19103F-16F7-4668-BE54-9A1E7A4F7556}") = "WebApi", "src\WebApi\WebApi.csproj", "{D81A57E8-4E95-45DE-9505-262CBE38F451}"
EndProject
Global
	GlobalSection(SolutionConfigurationPlatforms) = preSolution
		Debug|Any CPU = Debug|Any CPU
		Release|Any CPU = Release|Any CPU
	EndGlobalSection
	GlobalSection(ProjectConfigurationPlatforms) = postSolution
		{19D530B7-49B0-41A8-AFA1-AE3F882BC022}.Debug|Any CPU.ActiveCfg = Debug|Any CPU
		{19D530B7-49B0-41A8-AFA1-AE3F882BC022}.Debug|Any CPU.Build.0 = Debug|Any CPU
		{19D530B7-49B0-41A8-AFA1-AE3F882BC022}.Release|Any CPU.ActiveCfg = Release|Any CPU
		{19D530B7-49B0-41A8-AFA1-AE3F882BC022}.Release|Any CPU.Build.0 = Release|Any CPU
		{3CE71B0D-60A2-4772-B962-6EFC5607ADF1}.Debug|Any CPU.ActiveCfg = Debug|Any CPU
		{3CE71B0D-60A2-4772-B962-6EFC5607ADF1}.Debug|Any CPU.Build.0 = Debug|Any CPU
		{3CE71B0D-60A2-4772-B962-6EFC5607ADF1}.Release|Any CPU.ActiveCfg = Release|Any CPU
		{3CE71B0D-60A2-4772-B962-6EFC5607ADF1}.Release|Any CPU.Build.0 = Release|Any CPU
		{6E0EDAB5-13CC-4981-948D-3AA386F998C1}.Debug|Any CPU.ActiveCfg = Debug|Any CPU
		{6E0EDAB5-13CC-4981-948D-3AA386F998C1}.Debug|Any CPU.Build.0 = Debug|Any CPU
		{6E0EDAB5-13CC-4981-948D-3AA386F998C1}.Release|Any CPU.ActiveCfg = Release|Any CPU
		{6E0EDAB5-13CC-4981-948D-3AA386F998C1}.Release|Any CPU.Build.0 = Release|Any CPU
		{D81A57E8-4E95-45DE-9505-262CBE38F451}.Debug|Any CPU.ActiveCfg = Debug|Any CPU
		{D81A57E8-4E95-45DE-9505-262CBE38F451}.Debug|Any CPU.Build.0 = Debug|Any CPU
		{D81A57E8-4E95-45DE-9505-262CBE38F451}.Release|Any CPU.ActiveCfg = Release|Any CPU
		{D81A57E8-4E95-45DE-9505-262CBE38F451}.Release|Any CPU.Build.0 = Release|Any CPU
	EndGlobalSection
	GlobalSection(SolutionProperties) = preSolution
		HideSolutionNode = FALSE
	EndGlobalSection
	GlobalSection(ExtensibilityGlobals) = postSolution
		SolutionGuid = {3583A916-7076-477C-9067-B26C6CF74613}
	EndGlobalSection
EndGlobal
